{
    "_readme": [
        "This file locks the dependencies of your project to a known state",
        "Read more about it at https://getcomposer.org/doc/01-basic-usage.md#installing-dependencies",
        "This file is @generated automatically"
    ],
    "content-hash": "9bdd907c37f707aa23d6c9a9d279fd97",
    "packages": [],
    "packages-dev": [],
    "aliases": [],
    "minimum-stability": "stable",
    "stability-flags": {},
    "prefer-stable": false,
    "prefer-lowest": false,
    "platform": {
        "php": ">=7.2.5",
        "ext-json": "*"
    },
    "platform-dev": {},
    "platform-overrides": {
        "php": "7.2.5"
    },
    "plugin-api-version": "2.6.0"
}
